
Microsoft Visual Studio Solution File, Format Version 12.00
# Visual Studio Version 17
VisualStudioVersion = 17.9.34622.214
MinimumVisualStudioVersion = 10.0.40219.1
Project("{FAE04EC0-301F-11D3-BF4B-00C04F79EFBC}") = "PansiyonOtomasyonu", "PansiyonOtomasyonu\PansiyonOtomasyonu.csproj", "{1E89F049-E5AA-4567-9910-FF81E6384EEC}"
EndProject
Global
	GlobalSection(SolutionConfigurationPlatforms) = preSolution
		Debug|Any CPU = Debug|Any CPU
		Release|Any CPU = Release|Any CPU
	EndGlobalSection
	GlobalSection(ProjectConfigurationPlatforms) = postSolution
		{1E89F049-E5AA-4567-9910-FF81E6384EEC}.Debug|Any CPU.ActiveCfg = Debug|Any CPU
		{1E89F049-E5AA-4567-9910-FF81E6384EEC}.Debug|Any CPU.Build.0 = Debug|Any CPU
		{1E89F049-E5AA-4567-9910-FF81E6384EEC}.Release|Any CPU.ActiveCfg = Release|Any CPU
		{1E89F049-E5AA-4567-9910-FF81E6384EEC}.Release|Any CPU.Build.0 = Release|Any CPU
	EndGlobalSection
	GlobalSection(SolutionProperties) = preSolution
		HideSolutionNode = FALSE
	EndGlobalSection
	GlobalSection(ExtensibilityGlobals) = postSolution
		SolutionGuid = {030B109A-4EB0-4326-ABB3-1733C8C1206C}
	EndGlobalSection
EndGlobal
